// !$*UTF8*$!
{
	archiveVersion = 1;
	classes = {
	};
	objectVersion = 56;
	objects = {

/* Begin PBXBuildFile section */
		C741F6702B58F00500A4DDC0 /* Weather.swift in Sources */ = {isa = PBXBuildFile; fileRef = C741F66F2B58F00500A4DDC0 /* Weather.swift */; };
		C7743D8D2B21C38100DF0D09 /* AppDelegate.swift in Sources */ = {isa = PBXBuildFile; fileRef = C7743D8C2B21C38100DF0D09 /* AppDelegate.swift */; };
		C7743D8F2B21C38100DF0D09 /* SceneDelegate.swift in Sources */ = {isa = PBXBuildFile; fileRef = C7743D8E2B21C38100DF0D09 /* SceneDelegate.swift */; };
		C7743D912B21C38100DF0D09 /* WeatherListViewController.swift in Sources */ = {isa = PBXBuildFile; fileRef = C7743D902B21C38100DF0D09 /* WeatherListViewController.swift */; };
		C7743D962B21C38200DF0D09 /* Assets.xcassets in Resources */ = {isa = PBXBuildFile; fileRef = C7743D952B21C38200DF0D09 /* Assets.xcassets */; };
		C7743D992B21C38200DF0D09 /* LaunchScreen.storyboard in Resources */ = {isa = PBXBuildFile; fileRef = C7743D972B21C38200DF0D09 /* LaunchScreen.storyboard */; };
		C7743DA12B21C3B400DF0D09 /* WeatherTableViewCell.swift in Sources */ = {isa = PBXBuildFile; fileRef = C7743DA02B21C3B400DF0D09 /* WeatherTableViewCell.swift */; };
		C7743DA32B21CA8600DF0D09 /* WeatherDetailViewController.swift in Sources */ = {isa = PBXBuildFile; fileRef = C7743DA22B21CA8500DF0D09 /* WeatherDetailViewController.swift */; };
		EE80876C2B6E4AFA004D91C2 /* WeatherListView.swift in Sources */ = {isa = PBXBuildFile; fileRef = EE80876B2B6E4AFA004D91C2 /* WeatherListView.swift */; };
		EE80876F2B6E5720004D91C2 /* WeatherUseCase.swift in Sources */ = {isa = PBXBuildFile; fileRef = EE80876E2B6E5720004D91C2 /* WeatherUseCase.swift */; };
		EE8087732B6E59CD004D91C2 /* weather.json in Resources */ = {isa = PBXBuildFile; fileRef = EE8087722B6E59CD004D91C2 /* weather.json */; };
		EE8087762B6F5882004D91C2 /* JSONDecoderCreator.swift in Sources */ = {isa = PBXBuildFile; fileRef = EE8087752B6F5882004D91C2 /* JSONDecoderCreator.swift */; };
		EE8087782B6F588C004D91C2 /* DateFormatterCreator.swift in Sources */ = {isa = PBXBuildFile; fileRef = EE8087772B6F588C004D91C2 /* DateFormatterCreator.swift */; };
		EE80877A2B6F6EC5004D91C2 /* TemperatureUnit.swift in Sources */ = {isa = PBXBuildFile; fileRef = EE8087792B6F6EC5004D91C2 /* TemperatureUnit.swift */; };
		EE80877C2B6F6F3E004D91C2 /* TemperatureStrategy.swift in Sources */ = {isa = PBXBuildFile; fileRef = EE80877B2B6F6F3E004D91C2 /* TemperatureStrategy.swift */; };
		EE80877E2B721700004D91C2 /* UITableViewCell+id.swift in Sources */ = {isa = PBXBuildFile; fileRef = EE80877D2B721700004D91C2 /* UITableViewCell+id.swift */; };
		EE8087802B721823004D91C2 /* WeatherListViewDelegate.swift in Sources */ = {isa = PBXBuildFile; fileRef = EE80877F2B721823004D91C2 /* WeatherListViewDelegate.swift */; };
		EE8087822B7256A6004D91C2 /* ImageCache.swift in Sources */ = {isa = PBXBuildFile; fileRef = EE8087812B7256A6004D91C2 /* ImageCache.swift */; };
		EE8087852B726306004D91C2 /* ImageChacheService.swift in Sources */ = {isa = PBXBuildFile; fileRef = EE8087842B726306004D91C2 /* ImageChacheService.swift */; };
		EE8087872B738DA2004D91C2 /* WeatherDetailView.swift in Sources */ = {isa = PBXBuildFile; fileRef = EE8087862B738DA2004D91C2 /* WeatherDetailView.swift */; };
		EE8087892B7469B9004D91C2 /* WeatherDetailContext.swift in Sources */ = {isa = PBXBuildFile; fileRef = EE8087882B7469B9004D91C2 /* WeatherDetailContext.swift */; };
		EE80878B2B74E994004D91C2 /* CityWeather.swift in Sources */ = {isa = PBXBuildFile; fileRef = EE80878A2B74E994004D91C2 /* CityWeather.swift */; };
		EE80878D2B74EABC004D91C2 /* WeatherForecastInfo.swift in Sources */ = {isa = PBXBuildFile; fileRef = EE80878C2B74EABC004D91C2 /* WeatherForecastInfo.swift */; };
		EE80878F2B74EC4D004D91C2 /* MainInfo.swift in Sources */ = {isa = PBXBuildFile; fileRef = EE80878E2B74EC4D004D91C2 /* MainInfo.swift */; };
		EE8087912B74EC7E004D91C2 /* City.swift in Sources */ = {isa = PBXBuildFile; fileRef = EE8087902B74EC7E004D91C2 /* City.swift */; };
		EE8087932B74ECB0004D91C2 /* Coord.swift in Sources */ = {isa = PBXBuildFile; fileRef = EE8087922B74ECB0004D91C2 /* Coord.swift */; };
/* End PBXBuildFile section */

/* Begin PBXFileReference section */
		C741F66F2B58F00500A4DDC0 /* Weather.swift */ = {isa = PBXFileReference; lastKnownFileType = sourcecode.swift; path = Weather.swift; sourceTree = "<group>"; };
		C7743D892B21C38100DF0D09 /* WeatherForecast.app */ = {isa = PBXFileReference; explicitFileType = wrapper.application; includeInIndex = 0; path = WeatherForecast.app; sourceTree = BUILT_PRODUCTS_DIR; };
		C7743D8C2B21C38100DF0D09 /* AppDelegate.swift */ = {isa = PBXFileReference; lastKnownFileType = sourcecode.swift; path = AppDelegate.swift; sourceTree = "<group>"; };
		C7743D8E2B21C38100DF0D09 /* SceneDelegate.swift */ = {isa = PBXFileReference; lastKnownFileType = sourcecode.swift; path = SceneDelegate.swift; sourceTree = "<group>"; };
		C7743D902B21C38100DF0D09 /* WeatherListViewController.swift */ = {isa = PBXFileReference; lastKnownFileType = sourcecode.swift; path = WeatherListViewController.swift; sourceTree = "<group>"; };
		C7743D952B21C38200DF0D09 /* Assets.xcassets */ = {isa = PBXFileReference; lastKnownFileType = folder.assetcatalog; path = Assets.xcassets; sourceTree = "<group>"; };
		C7743D982B21C38200DF0D09 /* Base */ = {isa = PBXFileReference; lastKnownFileType = file.storyboard; name = Base; path = Base.lproj/LaunchScreen.storyboard; sourceTree = "<group>"; };
		C7743D9A2B21C38200DF0D09 /* Info.plist */ = {isa = PBXFileReference; lastKnownFileType = text.plist.xml; path = Info.plist; sourceTree = "<group>"; };
		C7743DA02B21C3B400DF0D09 /* WeatherTableViewCell.swift */ = {isa = PBXFileReference; lastKnownFileType = sourcecode.swift; path = WeatherTableViewCell.swift; sourceTree = "<group>"; };
		C7743DA22B21CA8500DF0D09 /* WeatherDetailViewController.swift */ = {isa = PBXFileReference; lastKnownFileType = sourcecode.swift; path = WeatherDetailViewController.swift; sourceTree = "<group>"; };
		EE80876B2B6E4AFA004D91C2 /* WeatherListView.swift */ = {isa = PBXFileReference; lastKnownFileType = sourcecode.swift; path = WeatherListView.swift; sourceTree = "<group>"; };
		EE80876E2B6E5720004D91C2 /* WeatherUseCase.swift */ = {isa = PBXFileReference; lastKnownFileType = sourcecode.swift; path = WeatherUseCase.swift; sourceTree = "<group>"; };
		EE8087722B6E59CD004D91C2 /* weather.json */ = {isa = PBXFileReference; fileEncoding = 4; lastKnownFileType = text.json; path = weather.json; sourceTree = "<group>"; };
		EE8087752B6F5882004D91C2 /* JSONDecoderCreator.swift */ = {isa = PBXFileReference; lastKnownFileType = sourcecode.swift; path = JSONDecoderCreator.swift; sourceTree = "<group>"; };
		EE8087772B6F588C004D91C2 /* DateFormatterCreator.swift */ = {isa = PBXFileReference; lastKnownFileType = sourcecode.swift; path = DateFormatterCreator.swift; sourceTree = "<group>"; };
		EE8087792B6F6EC5004D91C2 /* TemperatureUnit.swift */ = {isa = PBXFileReference; lastKnownFileType = sourcecode.swift; path = TemperatureUnit.swift; sourceTree = "<group>"; };
		EE80877B2B6F6F3E004D91C2 /* TemperatureStrategy.swift */ = {isa = PBXFileReference; lastKnownFileType = sourcecode.swift; path = TemperatureStrategy.swift; sourceTree = "<group>"; };
		EE80877D2B721700004D91C2 /* UITableViewCell+id.swift */ = {isa = PBXFileReference; lastKnownFileType = sourcecode.swift; path = "UITableViewCell+id.swift"; sourceTree = "<group>"; };
		EE80877F2B721823004D91C2 /* WeatherListViewDelegate.swift */ = {isa = PBXFileReference; lastKnownFileType = sourcecode.swift; path = WeatherListViewDelegate.swift; sourceTree = "<group>"; };
		EE8087812B7256A6004D91C2 /* ImageCache.swift */ = {isa = PBXFileReference; lastKnownFileType = sourcecode.swift; path = ImageCache.swift; sourceTree = "<group>"; };
		EE8087842B726306004D91C2 /* ImageChacheService.swift */ = {isa = PBXFileReference; lastKnownFileType = sourcecode.swift; path = ImageChacheService.swift; sourceTree = "<group>"; };
		EE8087862B738DA2004D91C2 /* WeatherDetailView.swift */ = {isa = PBXFileReference; lastKnownFileType = sourcecode.swift; path = WeatherDetailView.swift; sourceTree = "<group>"; };
		EE8087882B7469B9004D91C2 /* WeatherDetailContext.swift */ = {isa = PBXFileReference; lastKnownFileType = sourcecode.swift; path = WeatherDetailContext.swift; sourceTree = "<group>"; };
		EE80878A2B74E994004D91C2 /* CityWeather.swift */ = {isa = PBXFileReference; lastKnownFileType = sourcecode.swift; path = CityWeather.swift; sourceTree = "<group>"; };
		EE80878C2B74EABC004D91C2 /* WeatherForecastInfo.swift */ = {isa = PBXFileReference; lastKnownFileType = sourcecode.swift; path = WeatherForecastInfo.swift; sourceTree = "<group>"; };
		EE80878E2B74EC4D004D91C2 /* MainInfo.swift */ = {isa = PBXFileReference; lastKnownFileType = sourcecode.swift; path = MainInfo.swift; sourceTree = "<group>"; };
		EE8087902B74EC7E004D91C2 /* City.swift */ = {isa = PBXFileReference; lastKnownFileType = sourcecode.swift; path = City.swift; sourceTree = "<group>"; };
		EE8087922B74ECB0004D91C2 /* Coord.swift */ = {isa = PBXFileReference; lastKnownFileType = sourcecode.swift; path = Coord.swift; sourceTree = "<group>"; };
/* End PBXFileReference section */

/* Begin PBXFrameworksBuildPhase section */
		C7743D862B21C38100DF0D09 /* Frameworks */ = {
			isa = PBXFrameworksBuildPhase;
			buildActionMask = 2147483647;
			files = (
			);
			runOnlyForDeploymentPostprocessing = 0;
		};
/* End PBXFrameworksBuildPhase section */

/* Begin PBXGroup section */
		C7743D802B21C38100DF0D09 = {
			isa = PBXGroup;
			children = (
				C7743D8B2B21C38100DF0D09 /* WeatherForecast */,
				C7743D8A2B21C38100DF0D09 /* Products */,
			);
			sourceTree = "<group>";
		};
		C7743D8A2B21C38100DF0D09 /* Products */ = {
			isa = PBXGroup;
			children = (
				C7743D892B21C38100DF0D09 /* WeatherForecast.app */,
			);
			name = Products;
			sourceTree = "<group>";
		};
		C7743D8B2B21C38100DF0D09 /* WeatherForecast */ = {
			isa = PBXGroup;
			children = (
				EE8087832B7262EB004D91C2 /* Services */,
				EE8087742B6F5873004D91C2 /* Utils */,
				EE80876D2B6E570E004D91C2 /* UseCases */,
				EE8087652B6C02A2004D91C2 /* App */,
				EE8087662B6C02CD004D91C2 /* Models */,
				EE8087672B6C02D4004D91C2 /* Views */,
				EE8087682B6C02D9004D91C2 /* Controllers */,
			);
			path = WeatherForecast;
			sourceTree = "<group>";
		};
		EE8087652B6C02A2004D91C2 /* App */ = {
			isa = PBXGroup;
			children = (
				C7743D8C2B21C38100DF0D09 /* AppDelegate.swift */,
				C7743D8E2B21C38100DF0D09 /* SceneDelegate.swift */,
				C7743D952B21C38200DF0D09 /* Assets.xcassets */,
				EE8087722B6E59CD004D91C2 /* weather.json */,
				C7743D9A2B21C38200DF0D09 /* Info.plist */,
				C7743D972B21C38200DF0D09 /* LaunchScreen.storyboard */,
			);
			path = App;
			sourceTree = "<group>";
		};
		EE8087662B6C02CD004D91C2 /* Models */ = {
			isa = PBXGroup;
			children = (
				EE80878A2B74E994004D91C2 /* CityWeather.swift */,
				EE80878C2B74EABC004D91C2 /* WeatherForecastInfo.swift */,
				EE80878E2B74EC4D004D91C2 /* MainInfo.swift */,
				C741F66F2B58F00500A4DDC0 /* Weather.swift */,
				EE8087902B74EC7E004D91C2 /* City.swift */,
				EE8087922B74ECB0004D91C2 /* Coord.swift */,
				EE8087792B6F6EC5004D91C2 /* TemperatureUnit.swift */,
				EE80877B2B6F6F3E004D91C2 /* TemperatureStrategy.swift */,
				EE8087812B7256A6004D91C2 /* ImageCache.swift */,
				EE8087882B7469B9004D91C2 /* WeatherDetailContext.swift */,
			);
			path = Models;
			sourceTree = "<group>";
		};
		EE8087672B6C02D4004D91C2 /* Views */ = {
			isa = PBXGroup;
			children = (
				C7743DA02B21C3B400DF0D09 /* WeatherTableViewCell.swift */,
				EE80876B2B6E4AFA004D91C2 /* WeatherListView.swift */,
				EE80877F2B721823004D91C2 /* WeatherListViewDelegate.swift */,
				EE8087862B738DA2004D91C2 /* WeatherDetailView.swift */,
			);
			path = Views;
			sourceTree = "<group>";
		};
		EE8087682B6C02D9004D91C2 /* Controllers */ = {
			isa = PBXGroup;
			children = (
				C7743DA22B21CA8500DF0D09 /* WeatherDetailViewController.swift */,
				C7743D902B21C38100DF0D09 /* WeatherListViewController.swift */,
			);
			path = Controllers;
			sourceTree = "<group>";
		};
		EE80876D2B6E570E004D91C2 /* UseCases */ = {
			isa = PBXGroup;
			children = (
				EE80876E2B6E5720004D91C2 /* WeatherUseCase.swift */,
				EE80877D2B721700004D91C2 /* UITableViewCell+id.swift */,
			);
			path = UseCases;
			sourceTree = "<group>";
		};
		EE8087742B6F5873004D91C2 /* Utils */ = {
			isa = PBXGroup;
			children = (
				EE8087752B6F5882004D91C2 /* JSONDecoderCreator.swift */,
				EE8087772B6F588C004D91C2 /* DateFormatterCreator.swift */,
			);
			path = Utils;
			sourceTree = "<group>";
		};
		EE8087832B7262EB004D91C2 /* Services */ = {
			isa = PBXGroup;
			children = (
				EE8087842B726306004D91C2 /* ImageChacheService.swift */,
			);
			path = Services;
			sourceTree = "<group>";
		};
/* End PBXGroup section */

/* Begin PBXNativeTarget section */
		C7743D882B21C38100DF0D09 /* WeatherForecast */ = {
			isa = PBXNativeTarget;
			buildConfigurationList = C7743D9D2B21C38200DF0D09 /* Build configuration list for PBXNativeTarget "WeatherForecast" */;
			buildPhases = (
				C7743D852B21C38100DF0D09 /* Sources */,
				C7743D862B21C38100DF0D09 /* Frameworks */,
				C7743D872B21C38100DF0D09 /* Resources */,
			);
			buildRules = (
			);
			dependencies = (
			);
			name = WeatherForecast;
			productName = WeatherForecast;
			productReference = C7743D892B21C38100DF0D09 /* WeatherForecast.app */;
			productType = "com.apple.product-type.application";
		};
/* End PBXNativeTarget section */

/* Begin PBXProject section */
		C7743D812B21C38100DF0D09 /* Project object */ = {
			isa = PBXProject;
			attributes = {
				BuildIndependentTargetsInParallel = 1;
				LastSwiftUpdateCheck = 1500;
				LastUpgradeCheck = 1500;
				TargetAttributes = {
					C7743D882B21C38100DF0D09 = {
						CreatedOnToolsVersion = 15.0.1;
					};
				};
			};
			buildConfigurationList = C7743D842B21C38100DF0D09 /* Build configuration list for PBXProject "WeatherForecast" */;
			compatibilityVersion = "Xcode 14.0";
			developmentRegion = en;
			hasScannedForEncodings = 0;
			knownRegions = (
				en,
				Base,
			);
			mainGroup = C7743D802B21C38100DF0D09;
			productRefGroup = C7743D8A2B21C38100DF0D09 /* Products */;
			projectDirPath = "";
			projectRoot = "";
			targets = (
				C7743D882B21C38100DF0D09 /* WeatherForecast */,
			);
		};
/* End PBXProject section */

/* Begin PBXResourcesBuildPhase section */
		C7743D872B21C38100DF0D09 /* Resources */ = {
			isa = PBXResourcesBuildPhase;
			buildActionMask = 2147483647;
			files = (
				EE8087732B6E59CD004D91C2 /* weather.json in Resources */,
				C7743D992B21C38200DF0D09 /* LaunchScreen.storyboard in Resources */,
				C7743D962B21C38200DF0D09 /* Assets.xcassets in Resources */,
			);
			runOnlyForDeploymentPostprocessing = 0;
		};
/* End PBXResourcesBuildPhase section */

/* Begin PBXSourcesBuildPhase section */
		C7743D852B21C38100DF0D09 /* Sources */ = {
			isa = PBXSourcesBuildPhase;
			buildActionMask = 2147483647;
			files = (
				EE8087872B738DA2004D91C2 /* WeatherDetailView.swift in Sources */,
				EE8087822B7256A6004D91C2 /* ImageCache.swift in Sources */,
				EE80876F2B6E5720004D91C2 /* WeatherUseCase.swift in Sources */,
				EE80877C2B6F6F3E004D91C2 /* TemperatureStrategy.swift in Sources */,
				EE8087852B726306004D91C2 /* ImageChacheService.swift in Sources */,
				C7743DA12B21C3B400DF0D09 /* WeatherTableViewCell.swift in Sources */,
				EE80878B2B74E994004D91C2 /* CityWeather.swift in Sources */,
				EE8087762B6F5882004D91C2 /* JSONDecoderCreator.swift in Sources */,
				EE8087782B6F588C004D91C2 /* DateFormatterCreator.swift in Sources */,
				EE80877E2B721700004D91C2 /* UITableViewCell+id.swift in Sources */,
				C7743D912B21C38100DF0D09 /* WeatherListViewController.swift in Sources */,
				EE80878D2B74EABC004D91C2 /* WeatherForecastInfo.swift in Sources */,
				EE80878F2B74EC4D004D91C2 /* MainInfo.swift in Sources */,
				C7743D8D2B21C38100DF0D09 /* AppDelegate.swift in Sources */,
				C7743DA32B21CA8600DF0D09 /* WeatherDetailViewController.swift in Sources */,
				EE80876C2B6E4AFA004D91C2 /* WeatherListView.swift in Sources */,
				EE8087892B7469B9004D91C2 /* WeatherDetailContext.swift in Sources */,
				C741F6702B58F00500A4DDC0 /* Weather.swift in Sources */,
				EE8087932B74ECB0004D91C2 /* Coord.swift in Sources */,
				EE8087912B74EC7E004D91C2 /* City.swift in Sources */,
				C7743D8F2B21C38100DF0D09 /* SceneDelegate.swift in Sources */,
				EE8087802B721823004D91C2 /* WeatherListViewDelegate.swift in Sources */,
				EE80877A2B6F6EC5004D91C2 /* TemperatureUnit.swift in Sources */,
			);
			runOnlyForDeploymentPostprocessing = 0;
		};
/* End PBXSourcesBuildPhase section */

/* Begin PBXVariantGroup section */
		C7743D972B21C38200DF0D09 /* LaunchScreen.storyboard */ = {
			isa = PBXVariantGroup;
			children = (
				C7743D982B21C38200DF0D09 /* Base */,
			);
			name = LaunchScreen.storyboard;
			sourceTree = "<group>";
		};
/* End PBXVariantGroup section */

/* Begin XCBuildConfiguration section */
		C7743D9B2B21C38200DF0D09 /* Debug */ = {
			isa = XCBuildConfiguration;
			buildSettings = {
				ALWAYS_SEARCH_USER_PATHS = NO;
				ASSETCATALOG_COMPILER_GENERATE_SWIFT_ASSET_SYMBOL_EXTENSIONS = YES;
				CLANG_ANALYZER_NONNULL = YES;
				CLANG_ANALYZER_NUMBER_OBJECT_CONVERSION = YES_AGGRESSIVE;
				CLANG_CXX_LANGUAGE_STANDARD = "gnu++20";
				CLANG_ENABLE_MODULES = YES;
				CLANG_ENABLE_OBJC_ARC = YES;
				CLANG_ENABLE_OBJC_WEAK = YES;
				CLANG_WARN_BLOCK_CAPTURE_AUTORELEASING = YES;
				CLANG_WARN_BOOL_CONVERSION = YES;
				CLANG_WARN_COMMA = YES;
				CLANG_WARN_CONSTANT_CONVERSION = YES;
				CLANG_WARN_DEPRECATED_OBJC_IMPLEMENTATIONS = YES;
				CLANG_WARN_DIRECT_OBJC_ISA_USAGE = YES_ERROR;
				CLANG_WARN_DOCUMENTATION_COMMENTS = YES;
				CLANG_WARN_EMPTY_BODY = YES;
				CLANG_WARN_ENUM_CONVERSION = YES;
				CLANG_WARN_INFINITE_RECURSION = YES;
				CLANG_WARN_INT_CONVERSION = YES;
				CLANG_WARN_NON_LITERAL_NULL_CONVERSION = YES;
				CLANG_WARN_OBJC_IMPLICIT_RETAIN_SELF = YES;
				CLANG_WARN_OBJC_LITERAL_CONVERSION = YES;
				CLANG_WARN_OBJC_ROOT_CLASS = YES_ERROR;
				CLANG_WARN_QUOTED_INCLUDE_IN_FRAMEWORK_HEADER = YES;
				CLANG_WARN_RANGE_LOOP_ANALYSIS = YES;
				CLANG_WARN_STRICT_PROTOTYPES = YES;
				CLANG_WARN_SUSPICIOUS_MOVE = YES;
				CLANG_WARN_UNGUARDED_AVAILABILITY = YES_AGGRESSIVE;
				CLANG_WARN_UNREACHABLE_CODE = YES;
				CLANG_WARN__DUPLICATE_METHOD_MATCH = YES;
				COPY_PHASE_STRIP = NO;
				DEBUG_INFORMATION_FORMAT = dwarf;
				ENABLE_STRICT_OBJC_MSGSEND = YES;
				ENABLE_TESTABILITY = YES;
				ENABLE_USER_SCRIPT_SANDBOXING = YES;
				GCC_C_LANGUAGE_STANDARD = gnu17;
				GCC_DYNAMIC_NO_PIC = NO;
				GCC_NO_COMMON_BLOCKS = YES;
				GCC_OPTIMIZATION_LEVEL = 0;
				GCC_PREPROCESSOR_DEFINITIONS = (
					"DEBUG=1",
					"$(inherited)",
				);
				GCC_WARN_64_TO_32_BIT_CONVERSION = YES;
				GCC_WARN_ABOUT_RETURN_TYPE = YES_ERROR;
				GCC_WARN_UNDECLARED_SELECTOR = YES;
				GCC_WARN_UNINITIALIZED_AUTOS = YES_AGGRESSIVE;
				GCC_WARN_UNUSED_FUNCTION = YES;
				GCC_WARN_UNUSED_VARIABLE = YES;
				IPHONEOS_DEPLOYMENT_TARGET = 16.0;
				LOCALIZATION_PREFERS_STRING_CATALOGS = YES;
				MTL_ENABLE_DEBUG_INFO = INCLUDE_SOURCE;
				MTL_FAST_MATH = YES;
				ONLY_ACTIVE_ARCH = YES;
				SDKROOT = iphoneos;
				SWIFT_ACTIVE_COMPILATION_CONDITIONS = "DEBUG $(inherited)";
				SWIFT_OPTIMIZATION_LEVEL = "-Onone";
			};
			name = Debug;
		};
		C7743D9C2B21C38200DF0D09 /* Release */ = {
			isa = XCBuildConfiguration;
			buildSettings = {
				ALWAYS_SEARCH_USER_PATHS = NO;
				ASSETCATALOG_COMPILER_GENERATE_SWIFT_ASSET_SYMBOL_EXTENSIONS = YES;
				CLANG_ANALYZER_NONNULL = YES;
				CLANG_ANALYZER_NUMBER_OBJECT_CONVERSION = YES_AGGRESSIVE;
				CLANG_CXX_LANGUAGE_STANDARD = "gnu++20";
				CLANG_ENABLE_MODULES = YES;
				CLANG_ENABLE_OBJC_ARC = YES;
				CLANG_ENABLE_OBJC_WEAK = YES;
				CLANG_WARN_BLOCK_CAPTURE_AUTORELEASING = YES;
				CLANG_WARN_BOOL_CONVERSION = YES;
				CLANG_WARN_COMMA = YES;
				CLANG_WARN_CONSTANT_CONVERSION = YES;
				CLANG_WARN_DEPRECATED_OBJC_IMPLEMENTATIONS = YES;
				CLANG_WARN_DIRECT_OBJC_ISA_USAGE = YES_ERROR;
				CLANG_WARN_DOCUMENTATION_COMMENTS = YES;
				CLANG_WARN_EMPTY_BODY = YES;
				CLANG_WARN_ENUM_CONVERSION = YES;
				CLANG_WARN_INFINITE_RECURSION = YES;
				CLANG_WARN_INT_CONVERSION = YES;
				CLANG_WARN_NON_LITERAL_NULL_CONVERSION = YES;
				CLANG_WARN_OBJC_IMPLICIT_RETAIN_SELF = YES;
				CLANG_WARN_OBJC_LITERAL_CONVERSION = YES;
				CLANG_WARN_OBJC_ROOT_CLASS = YES_ERROR;
				CLANG_WARN_QUOTED_INCLUDE_IN_FRAMEWORK_HEADER = YES;
				CLANG_WARN_RANGE_LOOP_ANALYSIS = YES;
				CLANG_WARN_STRICT_PROTOTYPES = YES;
				CLANG_WARN_SUSPICIOUS_MOVE = YES;
				CLANG_WARN_UNGUARDED_AVAILABILITY = YES_AGGRESSIVE;
				CLANG_WARN_UNREACHABLE_CODE = YES;
				CLANG_WARN__DUPLICATE_METHOD_MATCH = YES;
				COPY_PHASE_STRIP = NO;
				DEBUG_INFORMATION_FORMAT = "dwarf-with-dsym";
				ENABLE_NS_ASSERTIONS = NO;
				ENABLE_STRICT_OBJC_MSGSEND = YES;
				ENABLE_USER_SCRIPT_SANDBOXING = YES;
				GCC_C_LANGUAGE_STANDARD = gnu17;
				GCC_NO_COMMON_BLOCKS = YES;
				GCC_WARN_64_TO_32_BIT_CONVERSION = YES;
				GCC_WARN_ABOUT_RETURN_TYPE = YES_ERROR;
				GCC_WARN_UNDECLARED_SELECTOR = YES;
				GCC_WARN_UNINITIALIZED_AUTOS = YES_AGGRESSIVE;
				GCC_WARN_UNUSED_FUNCTION = YES;
				GCC_WARN_UNUSED_VARIABLE = YES;
				IPHONEOS_DEPLOYMENT_TARGET = 16.0;
				LOCALIZATION_PREFERS_STRING_CATALOGS = YES;
				MTL_ENABLE_DEBUG_INFO = NO;
				MTL_FAST_MATH = YES;
				SDKROOT = iphoneos;
				SWIFT_COMPILATION_MODE = wholemodule;
				VALIDATE_PRODUCT = YES;
			};
			name = Release;
		};
		C7743D9E2B21C38200DF0D09 /* Debug */ = {
			isa = XCBuildConfiguration;
			buildSettings = {
				ASSETCATALOG_COMPILER_APPICON_NAME = AppIcon;
				ASSETCATALOG_COMPILER_GLOBAL_ACCENT_COLOR_NAME = AccentColor;
				CODE_SIGN_STYLE = Automatic;
				CURRENT_PROJECT_VERSION = 1;
				DEVELOPMENT_TEAM = SD649AQPCG;
				GENERATE_INFOPLIST_FILE = YES;
				INFOPLIST_FILE = WeatherForecast/App/Info.plist;
				INFOPLIST_KEY_UIApplicationSupportsIndirectInputEvents = YES;
				INFOPLIST_KEY_UILaunchStoryboardName = LaunchScreen;
				INFOPLIST_KEY_UISupportedInterfaceOrientations = UIInterfaceOrientationPortrait;
				INFOPLIST_KEY_UISupportedInterfaceOrientations_iPad = "UIInterfaceOrientationPortrait UIInterfaceOrientationPortraitUpsideDown";
				LD_RUNPATH_SEARCH_PATHS = (
					"$(inherited)",
					"@executable_path/Frameworks",
				);
				MARKETING_VERSION = 1.0;
				PRODUCT_BUNDLE_IDENTIFIER = "kr.yagom-academy.WeatherForecast";
				PRODUCT_NAME = "$(TARGET_NAME)";
				SWIFT_EMIT_LOC_STRINGS = YES;
				SWIFT_VERSION = 5.0;
				TARGETED_DEVICE_FAMILY = "1,2";
			};
			name = Debug;
		};
		C7743D9F2B21C38200DF0D09 /* Release */ = {
			isa = XCBuildConfiguration;
			buildSettings = {
				ASSETCATALOG_COMPILER_APPICON_NAME = AppIcon;
				ASSETCATALOG_COMPILER_GLOBAL_ACCENT_COLOR_NAME = AccentColor;
				CODE_SIGN_STYLE = Automatic;
				CURRENT_PROJECT_VERSION = 1;
				DEVELOPMENT_TEAM = SD649AQPCG;
				GENERATE_INFOPLIST_FILE = YES;
				INFOPLIST_FILE = WeatherForecast/App/Info.plist;
				INFOPLIST_KEY_UIApplicationSupportsIndirectInputEvents = YES;
				INFOPLIST_KEY_UILaunchStoryboardName = LaunchScreen;
				INFOPLIST_KEY_UISupportedInterfaceOrientations = UIInterfaceOrientationPortrait;
				INFOPLIST_KEY_UISupportedInterfaceOrientations_iPad = "UIInterfaceOrientationPortrait UIInterfaceOrientationPortraitUpsideDown";
				LD_RUNPATH_SEARCH_PATHS = (
					"$(inherited)",
					"@executable_path/Frameworks",
				);
				MARKETING_VERSION = 1.0;
				PRODUCT_BUNDLE_IDENTIFIER = "kr.yagom-academy.WeatherForecast";
				PRODUCT_NAME = "$(TARGET_NAME)";
				SWIFT_EMIT_LOC_STRINGS = YES;
				SWIFT_VERSION = 5.0;
				TARGETED_DEVICE_FAMILY = "1,2";
			};
			name = Release;
		};
/* End XCBuildConfiguration section */

/* Begin XCConfigurationList section */
		C7743D842B21C38100DF0D09 /* Build configuration list for PBXProject "WeatherForecast" */ = {
			isa = XCConfigurationList;
			buildConfigurations = (
				C7743D9B2B21C38200DF0D09 /* Debug */,
				C7743D9C2B21C38200DF0D09 /* Release */,
			);
			defaultConfigurationIsVisible = 0;
			defaultConfigurationName = Release;
		};
		C7743D9D2B21C38200DF0D09 /* Build configuration list for PBXNativeTarget "WeatherForecast" */ = {
			isa = XCConfigurationList;
			buildConfigurations = (
				C7743D9E2B21C38200DF0D09 /* Debug */,
				C7743D9F2B21C38200DF0D09 /* Release */,
			);
			defaultConfigurationIsVisible = 0;
			defaultConfigurationName = Release;
		};
/* End XCConfigurationList section */
	};
	rootObject = C7743D812B21C38100DF0D09 /* Project object */;
}
