// !$*UTF8*$!
{
	archiveVersion = 1;
	classes = {
	};
	objectVersion = 56;
	objects = {

/* Begin PBXBuildFile section */
		C741F6702B58F00500A4DDC0 /* Weather.swift in Sources */ = {isa = PBXBuildFile; fileRef = C741F66F2B58F00500A4DDC0 /* Weather.swift */; };
		C7743D8F2B21C38100DF0D09 /* SceneDelegate.swift in Sources */ = {isa = PBXBuildFile; fileRef = C7743D8E2B21C38100DF0D09 /* SceneDelegate.swift */; };
		C7743D962B21C38200DF0D09 /* Assets.xcassets in Resources */ = {isa = PBXBuildFile; fileRef = C7743D952B21C38200DF0D09 /* Assets.xcassets */; };
		C7743D992B21C38200DF0D09 /* LaunchScreen.storyboard in Resources */ = {isa = PBXBuildFile; fileRef = C7743D972B21C38200DF0D09 /* LaunchScreen.storyboard */; };
		C7743DA12B21C3B400DF0D09 /* WeatherTableViewCell.swift in Sources */ = {isa = PBXBuildFile; fileRef = C7743DA02B21C3B400DF0D09 /* WeatherTableViewCell.swift */; };
		C7743DA32B21CA8600DF0D09 /* WeatherDetailViewController.swift in Sources */ = {isa = PBXBuildFile; fileRef = C7743DA22B21CA8500DF0D09 /* WeatherDetailViewController.swift */; };
		CE2D5BBC2BA21F0E00B90214 /* WeatherDetailView.swift in Sources */ = {isa = PBXBuildFile; fileRef = CE2D5BBB2BA21F0E00B90214 /* WeatherDetailView.swift */; };
		CE6BCC4D2BA1D4A200E06153 /* ReusableCell.swift in Sources */ = {isa = PBXBuildFile; fileRef = CE6BCC4C2BA1D4A200E06153 /* ReusableCell.swift */; };
		CE6BCC552BA1DB6D00E06153 /* ImageLoader.swift in Sources */ = {isa = PBXBuildFile; fileRef = CE6BCC542BA1DB6D00E06153 /* ImageLoader.swift */; };
		CE6BCC572BA1DD0E00E06153 /* WeatherListViewController.swift in Sources */ = {isa = PBXBuildFile; fileRef = CE6BCC562BA1DD0E00E06153 /* WeatherListViewController.swift */; };
		CE6BCC592BA1DD5600E06153 /* WeatherApi.swift in Sources */ = {isa = PBXBuildFile; fileRef = CE6BCC582BA1DD5600E06153 /* WeatherApi.swift */; };
		CE6BCC5B2BA1EEDF00E06153 /* WeatherListView.swift in Sources */ = {isa = PBXBuildFile; fileRef = CE6BCC5A2BA1EEDF00E06153 /* WeatherListView.swift */; };
		CECE42392BAB15CF0003E164 /* AppDelegate.swift in Sources */ = {isa = PBXBuildFile; fileRef = CECE42382BAB15CF0003E164 /* AppDelegate.swift */; };
		CECE423F2BAB16380003E164 /* TempUnit.swift in Sources */ = {isa = PBXBuildFile; fileRef = CECE423E2BAB16380003E164 /* TempUnit.swift */; };
		CECE42412BAB164A0003E164 /* City.swift in Sources */ = {isa = PBXBuildFile; fileRef = CECE42402BAB164A0003E164 /* City.swift */; };
/* End PBXBuildFile section */

/* Begin PBXFileReference section */
		C741F66F2B58F00500A4DDC0 /* Weather.swift */ = {isa = PBXFileReference; lastKnownFileType = sourcecode.swift; path = Weather.swift; sourceTree = "<group>"; };
		C7743D892B21C38100DF0D09 /* WeatherForecast.app */ = {isa = PBXFileReference; explicitFileType = wrapper.application; includeInIndex = 0; path = WeatherForecast.app; sourceTree = BUILT_PRODUCTS_DIR; };
		C7743D8E2B21C38100DF0D09 /* SceneDelegate.swift */ = {isa = PBXFileReference; lastKnownFileType = sourcecode.swift; path = SceneDelegate.swift; sourceTree = "<group>"; };
		C7743D952B21C38200DF0D09 /* Assets.xcassets */ = {isa = PBXFileReference; lastKnownFileType = folder.assetcatalog; path = Assets.xcassets; sourceTree = "<group>"; };
		C7743D982B21C38200DF0D09 /* Base */ = {isa = PBXFileReference; lastKnownFileType = file.storyboard; name = Base; path = Base.lproj/LaunchScreen.storyboard; sourceTree = "<group>"; };
		C7743D9A2B21C38200DF0D09 /* Info.plist */ = {isa = PBXFileReference; lastKnownFileType = text.plist.xml; path = Info.plist; sourceTree = "<group>"; };
		C7743DA02B21C3B400DF0D09 /* WeatherTableViewCell.swift */ = {isa = PBXFileReference; lastKnownFileType = sourcecode.swift; path = WeatherTableViewCell.swift; sourceTree = "<group>"; };
		C7743DA22B21CA8500DF0D09 /* WeatherDetailViewController.swift */ = {isa = PBXFileReference; lastKnownFileType = sourcecode.swift; path = WeatherDetailViewController.swift; sourceTree = "<group>"; };
		CE2D5BBB2BA21F0E00B90214 /* WeatherDetailView.swift */ = {isa = PBXFileReference; lastKnownFileType = sourcecode.swift; path = WeatherDetailView.swift; sourceTree = "<group>"; };
		CE6BCC4C2BA1D4A200E06153 /* ReusableCell.swift */ = {isa = PBXFileReference; lastKnownFileType = sourcecode.swift; path = ReusableCell.swift; sourceTree = "<group>"; };
		CE6BCC542BA1DB6D00E06153 /* ImageLoader.swift */ = {isa = PBXFileReference; lastKnownFileType = sourcecode.swift; path = ImageLoader.swift; sourceTree = "<group>"; };
		CE6BCC562BA1DD0E00E06153 /* WeatherListViewController.swift */ = {isa = PBXFileReference; lastKnownFileType = sourcecode.swift; path = WeatherListViewController.swift; sourceTree = "<group>"; };
		CE6BCC582BA1DD5600E06153 /* WeatherApi.swift */ = {isa = PBXFileReference; lastKnownFileType = sourcecode.swift; path = WeatherApi.swift; sourceTree = "<group>"; };
		CE6BCC5A2BA1EEDF00E06153 /* WeatherListView.swift */ = {isa = PBXFileReference; lastKnownFileType = sourcecode.swift; path = WeatherListView.swift; sourceTree = "<group>"; };
		CECE42382BAB15CF0003E164 /* AppDelegate.swift */ = {isa = PBXFileReference; fileEncoding = 4; lastKnownFileType = sourcecode.swift; path = AppDelegate.swift; sourceTree = "<group>"; };
		CECE423E2BAB16380003E164 /* TempUnit.swift */ = {isa = PBXFileReference; lastKnownFileType = sourcecode.swift; path = TempUnit.swift; sourceTree = "<group>"; };
		CECE42402BAB164A0003E164 /* City.swift */ = {isa = PBXFileReference; lastKnownFileType = sourcecode.swift; path = City.swift; sourceTree = "<group>"; };
/* End PBXFileReference section */

/* Begin PBXFrameworksBuildPhase section */
		C7743D862B21C38100DF0D09 /* Frameworks */ = {
			isa = PBXFrameworksBuildPhase;
			buildActionMask = 2147483647;
			files = (
			);
			runOnlyForDeploymentPostprocessing = 0;
		};
/* End PBXFrameworksBuildPhase section */

/* Begin PBXGroup section */
		C7743D802B21C38100DF0D09 = {
			isa = PBXGroup;
			children = (
				C7743D8B2B21C38100DF0D09 /* WeatherForecast */,
				C7743D8A2B21C38100DF0D09 /* Products */,
			);
			sourceTree = "<group>";
		};
		C7743D8A2B21C38100DF0D09 /* Products */ = {
			isa = PBXGroup;
			children = (
				C7743D892B21C38100DF0D09 /* WeatherForecast.app */,
			);
			name = Products;
			sourceTree = "<group>";
		};
		C7743D8B2B21C38100DF0D09 /* WeatherForecast */ = {
			isa = PBXGroup;
			children = (
				CECE42372BAB15B60003E164 /* App */,
				CECE423D2BAB16070003E164 /* Model */,
				CECE423A2BAB15E40003E164 /* View */,
				CECE423B2BAB15EE0003E164 /* Controller */,
				CECE423C2BAB15FA0003E164 /* Utilites */,
				C7743D952B21C38200DF0D09 /* Assets.xcassets */,
				C7743D972B21C38200DF0D09 /* LaunchScreen.storyboard */,
				C7743D9A2B21C38200DF0D09 /* Info.plist */,
			);
			path = WeatherForecast;
			sourceTree = "<group>";
		};
		CECE42372BAB15B60003E164 /* App */ = {
			isa = PBXGroup;
			children = (
				CECE42382BAB15CF0003E164 /* AppDelegate.swift */,
				C7743D8E2B21C38100DF0D09 /* SceneDelegate.swift */,
			);
			path = App;
			sourceTree = "<group>";
		};
		CECE423A2BAB15E40003E164 /* View */ = {
			isa = PBXGroup;
			children = (
				CE6BCC5A2BA1EEDF00E06153 /* WeatherListView.swift */,
				C7743DA02B21C3B400DF0D09 /* WeatherTableViewCell.swift */,
				CE2D5BBB2BA21F0E00B90214 /* WeatherDetailView.swift */,
			);
			path = View;
			sourceTree = "<group>";
		};
		CECE423B2BAB15EE0003E164 /* Controller */ = {
			isa = PBXGroup;
			children = (
				CE6BCC562BA1DD0E00E06153 /* WeatherListViewController.swift */,
				C7743DA22B21CA8500DF0D09 /* WeatherDetailViewController.swift */,
			);
			path = Controller;
			sourceTree = "<group>";
		};
		CECE423C2BAB15FA0003E164 /* Utilites */ = {
			isa = PBXGroup;
			children = (
				CE6BCC4C2BA1D4A200E06153 /* ReusableCell.swift */,
				CE6BCC542BA1DB6D00E06153 /* ImageLoader.swift */,
				CE6BCC582BA1DD5600E06153 /* WeatherApi.swift */,
			);
			path = Utilites;
			sourceTree = "<group>";
		};
		CECE423D2BAB16070003E164 /* Model */ = {
			isa = PBXGroup;
			children = (
				C741F66F2B58F00500A4DDC0 /* Weather.swift */,
				CECE42402BAB164A0003E164 /* City.swift */,
				CECE423E2BAB16380003E164 /* TempUnit.swift */,
			);
			path = Model;
			sourceTree = "<group>";
		};
/* End PBXGroup section */

/* Begin PBXNativeTarget section */
		C7743D882B21C38100DF0D09 /* WeatherForecast */ = {
			isa = PBXNativeTarget;
			buildConfigurationList = C7743D9D2B21C38200DF0D09 /* Build configuration list for PBXNativeTarget "WeatherForecast" */;
			buildPhases = (
				C7743D852B21C38100DF0D09 /* Sources */,
				C7743D862B21C38100DF0D09 /* Frameworks */,
				C7743D872B21C38100DF0D09 /* Resources */,
			);
			buildRules = (
			);
			dependencies = (
			);
			name = WeatherForecast;
			productName = WeatherForecast;
			productReference = C7743D892B21C38100DF0D09 /* WeatherForecast.app */;
			productType = "com.apple.product-type.application";
		};
/* End PBXNativeTarget section */

/* Begin PBXProject section */
		C7743D812B21C38100DF0D09 /* Project object */ = {
			isa = PBXProject;
			attributes = {
				BuildIndependentTargetsInParallel = 1;
				LastSwiftUpdateCheck = 1500;
				LastUpgradeCheck = 1500;
				TargetAttributes = {
					C7743D882B21C38100DF0D09 = {
						CreatedOnToolsVersion = 15.0.1;
					};
				};
			};
			buildConfigurationList = C7743D842B21C38100DF0D09 /* Build configuration list for PBXProject "WeatherForecast" */;
			compatibilityVersion = "Xcode 14.0";
			developmentRegion = en;
			hasScannedForEncodings = 0;
			knownRegions = (
				en,
				Base,
			);
			mainGroup = C7743D802B21C38100DF0D09;
			productRefGroup = C7743D8A2B21C38100DF0D09 /* Products */;
			projectDirPath = "";
			projectRoot = "";
			targets = (
				C7743D882B21C38100DF0D09 /* WeatherForecast */,
			);
		};
/* End PBXProject section */

/* Begin PBXResourcesBuildPhase section */
		C7743D872B21C38100DF0D09 /* Resources */ = {
			isa = PBXResourcesBuildPhase;
			buildActionMask = 2147483647;
			files = (
				C7743D992B21C38200DF0D09 /* LaunchScreen.storyboard in Resources */,
				C7743D962B21C38200DF0D09 /* Assets.xcassets in Resources */,
			);
			runOnlyForDeploymentPostprocessing = 0;
		};
/* End PBXResourcesBuildPhase section */

/* Begin PBXSourcesBuildPhase section */
		C7743D852B21C38100DF0D09 /* Sources */ = {
			isa = PBXSourcesBuildPhase;
			buildActionMask = 2147483647;
			files = (
				CECE42392BAB15CF0003E164 /* AppDelegate.swift in Sources */,
				CE2D5BBC2BA21F0E00B90214 /* WeatherDetailView.swift in Sources */,
				C7743DA12B21C3B400DF0D09 /* WeatherTableViewCell.swift in Sources */,
				CE6BCC572BA1DD0E00E06153 /* WeatherListViewController.swift in Sources */,
				C7743DA32B21CA8600DF0D09 /* WeatherDetailViewController.swift in Sources */,
				C741F6702B58F00500A4DDC0 /* Weather.swift in Sources */,
				CE6BCC4D2BA1D4A200E06153 /* ReusableCell.swift in Sources */,
				CECE423F2BAB16380003E164 /* TempUnit.swift in Sources */,
				CE6BCC592BA1DD5600E06153 /* WeatherApi.swift in Sources */,
				CE6BCC5B2BA1EEDF00E06153 /* WeatherListView.swift in Sources */,
				CE6BCC552BA1DB6D00E06153 /* ImageLoader.swift in Sources */,
				CECE42412BAB164A0003E164 /* City.swift in Sources */,
				C7743D8F2B21C38100DF0D09 /* SceneDelegate.swift in Sources */,
			);
			runOnlyForDeploymentPostprocessing = 0;
		};
/* End PBXSourcesBuildPhase section */

/* Begin PBXVariantGroup section */
		C7743D972B21C38200DF0D09 /* LaunchScreen.storyboard */ = {
			isa = PBXVariantGroup;
			children = (
				C7743D982B21C38200DF0D09 /* Base */,
			);
			name = LaunchScreen.storyboard;
			sourceTree = "<group>";
		};
/* End PBXVariantGroup section */

/* Begin XCBuildConfiguration section */
		C7743D9B2B21C38200DF0D09 /* Debug */ = {
			isa = XCBuildConfiguration;
			buildSettings = {
				ALWAYS_SEARCH_USER_PATHS = NO;
				ASSETCATALOG_COMPILER_GENERATE_SWIFT_ASSET_SYMBOL_EXTENSIONS = YES;
				CLANG_ANALYZER_NONNULL = YES;
				CLANG_ANALYZER_NUMBER_OBJECT_CONVERSION = YES_AGGRESSIVE;
				CLANG_CXX_LANGUAGE_STANDARD = "gnu++20";
				CLANG_ENABLE_MODULES = YES;
				CLANG_ENABLE_OBJC_ARC = YES;
				CLANG_ENABLE_OBJC_WEAK = YES;
				CLANG_WARN_BLOCK_CAPTURE_AUTORELEASING = YES;
				CLANG_WARN_BOOL_CONVERSION = YES;
				CLANG_WARN_COMMA = YES;
				CLANG_WARN_CONSTANT_CONVERSION = YES;
				CLANG_WARN_DEPRECATED_OBJC_IMPLEMENTATIONS = YES;
				CLANG_WARN_DIRECT_OBJC_ISA_USAGE = YES_ERROR;
				CLANG_WARN_DOCUMENTATION_COMMENTS = YES;
				CLANG_WARN_EMPTY_BODY = YES;
				CLANG_WARN_ENUM_CONVERSION = YES;
				CLANG_WARN_INFINITE_RECURSION = YES;
				CLANG_WARN_INT_CONVERSION = YES;
				CLANG_WARN_NON_LITERAL_NULL_CONVERSION = YES;
				CLANG_WARN_OBJC_IMPLICIT_RETAIN_SELF = YES;
				CLANG_WARN_OBJC_LITERAL_CONVERSION = YES;
				CLANG_WARN_OBJC_ROOT_CLASS = YES_ERROR;
				CLANG_WARN_QUOTED_INCLUDE_IN_FRAMEWORK_HEADER = YES;
				CLANG_WARN_RANGE_LOOP_ANALYSIS = YES;
				CLANG_WARN_STRICT_PROTOTYPES = YES;
				CLANG_WARN_SUSPICIOUS_MOVE = YES;
				CLANG_WARN_UNGUARDED_AVAILABILITY = YES_AGGRESSIVE;
				CLANG_WARN_UNREACHABLE_CODE = YES;
				CLANG_WARN__DUPLICATE_METHOD_MATCH = YES;
				COPY_PHASE_STRIP = NO;
				DEBUG_INFORMATION_FORMAT = dwarf;
				ENABLE_STRICT_OBJC_MSGSEND = YES;
				ENABLE_TESTABILITY = YES;
				ENABLE_USER_SCRIPT_SANDBOXING = YES;
				GCC_C_LANGUAGE_STANDARD = gnu17;
				GCC_DYNAMIC_NO_PIC = NO;
				GCC_NO_COMMON_BLOCKS = YES;
				GCC_OPTIMIZATION_LEVEL = 0;
				GCC_PREPROCESSOR_DEFINITIONS = (
					"DEBUG=1",
					"$(inherited)",
				);
				GCC_WARN_64_TO_32_BIT_CONVERSION = YES;
				GCC_WARN_ABOUT_RETURN_TYPE = YES_ERROR;
				GCC_WARN_UNDECLARED_SELECTOR = YES;
				GCC_WARN_UNINITIALIZED_AUTOS = YES_AGGRESSIVE;
				GCC_WARN_UNUSED_FUNCTION = YES;
				GCC_WARN_UNUSED_VARIABLE = YES;
				IPHONEOS_DEPLOYMENT_TARGET = 16.0;
				LOCALIZATION_PREFERS_STRING_CATALOGS = YES;
				MTL_ENABLE_DEBUG_INFO = INCLUDE_SOURCE;
				MTL_FAST_MATH = YES;
				ONLY_ACTIVE_ARCH = YES;
				SDKROOT = iphoneos;
				SWIFT_ACTIVE_COMPILATION_CONDITIONS = "DEBUG $(inherited)";
				SWIFT_OPTIMIZATION_LEVEL = "-Onone";
			};
			name = Debug;
		};
		C7743D9C2B21C38200DF0D09 /* Release */ = {
			isa = XCBuildConfiguration;
			buildSettings = {
				ALWAYS_SEARCH_USER_PATHS = NO;
				ASSETCATALOG_COMPILER_GENERATE_SWIFT_ASSET_SYMBOL_EXTENSIONS = YES;
				CLANG_ANALYZER_NONNULL = YES;
				CLANG_ANALYZER_NUMBER_OBJECT_CONVERSION = YES_AGGRESSIVE;
				CLANG_CXX_LANGUAGE_STANDARD = "gnu++20";
				CLANG_ENABLE_MODULES = YES;
				CLANG_ENABLE_OBJC_ARC = YES;
				CLANG_ENABLE_OBJC_WEAK = YES;
				CLANG_WARN_BLOCK_CAPTURE_AUTORELEASING = YES;
				CLANG_WARN_BOOL_CONVERSION = YES;
				CLANG_WARN_COMMA = YES;
				CLANG_WARN_CONSTANT_CONVERSION = YES;
				CLANG_WARN_DEPRECATED_OBJC_IMPLEMENTATIONS = YES;
				CLANG_WARN_DIRECT_OBJC_ISA_USAGE = YES_ERROR;
				CLANG_WARN_DOCUMENTATION_COMMENTS = YES;
				CLANG_WARN_EMPTY_BODY = YES;
				CLANG_WARN_ENUM_CONVERSION = YES;
				CLANG_WARN_INFINITE_RECURSION = YES;
				CLANG_WARN_INT_CONVERSION = YES;
				CLANG_WARN_NON_LITERAL_NULL_CONVERSION = YES;
				CLANG_WARN_OBJC_IMPLICIT_RETAIN_SELF = YES;
				CLANG_WARN_OBJC_LITERAL_CONVERSION = YES;
				CLANG_WARN_OBJC_ROOT_CLASS = YES_ERROR;
				CLANG_WARN_QUOTED_INCLUDE_IN_FRAMEWORK_HEADER = YES;
				CLANG_WARN_RANGE_LOOP_ANALYSIS = YES;
				CLANG_WARN_STRICT_PROTOTYPES = YES;
				CLANG_WARN_SUSPICIOUS_MOVE = YES;
				CLANG_WARN_UNGUARDED_AVAILABILITY = YES_AGGRESSIVE;
				CLANG_WARN_UNREACHABLE_CODE = YES;
				CLANG_WARN__DUPLICATE_METHOD_MATCH = YES;
				COPY_PHASE_STRIP = NO;
				DEBUG_INFORMATION_FORMAT = "dwarf-with-dsym";
				ENABLE_NS_ASSERTIONS = NO;
				ENABLE_STRICT_OBJC_MSGSEND = YES;
				ENABLE_USER_SCRIPT_SANDBOXING = YES;
				GCC_C_LANGUAGE_STANDARD = gnu17;
				GCC_NO_COMMON_BLOCKS = YES;
				GCC_WARN_64_TO_32_BIT_CONVERSION = YES;
				GCC_WARN_ABOUT_RETURN_TYPE = YES_ERROR;
				GCC_WARN_UNDECLARED_SELECTOR = YES;
				GCC_WARN_UNINITIALIZED_AUTOS = YES_AGGRESSIVE;
				GCC_WARN_UNUSED_FUNCTION = YES;
				GCC_WARN_UNUSED_VARIABLE = YES;
				IPHONEOS_DEPLOYMENT_TARGET = 16.0;
				LOCALIZATION_PREFERS_STRING_CATALOGS = YES;
				MTL_ENABLE_DEBUG_INFO = NO;
				MTL_FAST_MATH = YES;
				SDKROOT = iphoneos;
				SWIFT_COMPILATION_MODE = wholemodule;
				VALIDATE_PRODUCT = YES;
			};
			name = Release;
		};
		C7743D9E2B21C38200DF0D09 /* Debug */ = {
			isa = XCBuildConfiguration;
			buildSettings = {
				ASSETCATALOG_COMPILER_APPICON_NAME = AppIcon;
				ASSETCATALOG_COMPILER_GLOBAL_ACCENT_COLOR_NAME = AccentColor;
				CODE_SIGN_STYLE = Automatic;
				CURRENT_PROJECT_VERSION = 1;
				DEVELOPMENT_TEAM = "";
				GENERATE_INFOPLIST_FILE = YES;
				INFOPLIST_FILE = WeatherForecast/Info.plist;
				INFOPLIST_KEY_UIApplicationSupportsIndirectInputEvents = YES;
				INFOPLIST_KEY_UILaunchStoryboardName = LaunchScreen;
				INFOPLIST_KEY_UIMainStoryboardFile = "";
				INFOPLIST_KEY_UISupportedInterfaceOrientations = UIInterfaceOrientationPortrait;
				INFOPLIST_KEY_UISupportedInterfaceOrientations_iPad = "UIInterfaceOrientationPortrait UIInterfaceOrientationPortraitUpsideDown";
				LD_RUNPATH_SEARCH_PATHS = (
					"$(inherited)",
					"@executable_path/Frameworks",
				);
				MARKETING_VERSION = 1.0;
				PRODUCT_BUNDLE_IDENTIFIER = "kr.yagom-academy.WeatherForecast";
				PRODUCT_NAME = "$(TARGET_NAME)";
				SWIFT_EMIT_LOC_STRINGS = YES;
				SWIFT_VERSION = 5.0;
				TARGETED_DEVICE_FAMILY = "1,2";
			};
			name = Debug;
		};
		C7743D9F2B21C38200DF0D09 /* Release */ = {
			isa = XCBuildConfiguration;
			buildSettings = {
				ASSETCATALOG_COMPILER_APPICON_NAME = AppIcon;
				ASSETCATALOG_COMPILER_GLOBAL_ACCENT_COLOR_NAME = AccentColor;
				CODE_SIGN_STYLE = Automatic;
				CURRENT_PROJECT_VERSION = 1;
				DEVELOPMENT_TEAM = "";
				GENERATE_INFOPLIST_FILE = YES;
				INFOPLIST_FILE = WeatherForecast/Info.plist;
				INFOPLIST_KEY_UIApplicationSupportsIndirectInputEvents = YES;
				INFOPLIST_KEY_UILaunchStoryboardName = LaunchScreen;
				INFOPLIST_KEY_UIMainStoryboardFile = "";
				INFOPLIST_KEY_UISupportedInterfaceOrientations = UIInterfaceOrientationPortrait;
				INFOPLIST_KEY_UISupportedInterfaceOrientations_iPad = "UIInterfaceOrientationPortrait UIInterfaceOrientationPortraitUpsideDown";
				LD_RUNPATH_SEARCH_PATHS = (
					"$(inherited)",
					"@executable_path/Frameworks",
				);
				MARKETING_VERSION = 1.0;
				PRODUCT_BUNDLE_IDENTIFIER = "kr.yagom-academy.WeatherForecast";
				PRODUCT_NAME = "$(TARGET_NAME)";
				SWIFT_EMIT_LOC_STRINGS = YES;
				SWIFT_VERSION = 5.0;
				TARGETED_DEVICE_FAMILY = "1,2";
			};
			name = Release;
		};
/* End XCBuildConfiguration section */

/* Begin XCConfigurationList section */
		C7743D842B21C38100DF0D09 /* Build configuration list for PBXProject "WeatherForecast" */ = {
			isa = XCConfigurationList;
			buildConfigurations = (
				C7743D9B2B21C38200DF0D09 /* Debug */,
				C7743D9C2B21C38200DF0D09 /* Release */,
			);
			defaultConfigurationIsVisible = 0;
			defaultConfigurationName = Release;
		};
		C7743D9D2B21C38200DF0D09 /* Build configuration list for PBXNativeTarget "WeatherForecast" */ = {
			isa = XCConfigurationList;
			buildConfigurations = (
				C7743D9E2B21C38200DF0D09 /* Debug */,
				C7743D9F2B21C38200DF0D09 /* Release */,
			);
			defaultConfigurationIsVisible = 0;
			defaultConfigurationName = Release;
		};
/* End XCConfigurationList section */
	};
	rootObject = C7743D812B21C38100DF0D09 /* Project object */;
}
